
Microsoft Visual Studio Solution File, Format Version 12.00
# Visual Studio Version 16
VisualStudioVersion = 16.0.30503.244
MinimumVisualStudioVersion = 10.0.40219.1
Project("{8BC9CEB8-8B4A-11D0-8D11-00A0C91BC942}") = "задача 4", "задача 4\задача 4.vcxproj", "{84ED186B-0E6E-48E9-8646-3A20E976C8A9}"
EndProject
Global
	GlobalSection(SolutionConfigurationPlatforms) = preSolution
		Debug|x64 = Debug|x64
		Debug|x86 = Debug|x86
		Release|x64 = Release|x64
		Release|x86 = Release|x86
	EndGlobalSection
	GlobalSection(ProjectConfigurationPlatforms) = postSolution
		{84ED186B-0E6E-48E9-8646-3A20E976C8A9}.Debug|x64.ActiveCfg = Debug|x64
		{84ED186B-0E6E-48E9-8646-3A20E976C8A9}.Debug|x64.Build.0 = Debug|x64
		{84ED186B-0E6E-48E9-8646-3A20E976C8A9}.Debug|x86.ActiveCfg = Debug|Win32
		{84ED186B-0E6E-48E9-8646-3A20E976C8A9}.Debug|x86.Build.0 = Debug|Win32
		{84ED186B-0E6E-48E9-8646-3A20E976C8A9}.Release|x64.ActiveCfg = Release|x64
		{84ED186B-0E6E-48E9-8646-3A20E976C8A9}.Release|x64.Build.0 = Release|x64
		{84ED186B-0E6E-48E9-8646-3A20E976C8A9}.Release|x86.ActiveCfg = Release|Win32
		{84ED186B-0E6E-48E9-8646-3A20E976C8A9}.Release|x86.Build.0 = Release|Win32
	EndGlobalSection
	GlobalSection(SolutionProperties) = preSolution
		HideSolutionNode = FALSE
	EndGlobalSection
	GlobalSection(ExtensibilityGlobals) = postSolution
		SolutionGuid = {26FD559D-33AC-459F-A65B-80D73660757E}
	EndGlobalSection
EndGlobal
